
Microsoft Visual Studio Solution File, Format Version 12.00
# Visual Studio Version 17
VisualStudioVersion = 17.3.32819.101
MinimumVisualStudioVersion = 10.0.40219.1
Project("{FAE04EC0-301F-11D3-BF4B-00C04F79EFBC}") = "Marksman", "Marksman.csproj", "{2F80630D-89EB-4904-91CE-1DF32E16FEBA}"
EndProject
Global
	GlobalSection(SolutionConfigurationPlatforms) = preSolution
		Debug|Any CPU = Debug|Any CPU
		Release|Any CPU = Release|Any CPU
	EndGlobalSection
	GlobalSection(ProjectConfigurationPlatforms) = postSolution
		{2F80630D-89EB-4904-91CE-1DF32E16FEBA}.Debug|Any CPU.ActiveCfg = Debug|Any CPU
		{2F80630D-89EB-4904-91CE-1DF32E16FEBA}.Debug|Any CPU.Build.0 = Debug|Any CPU
		{2F80630D-89EB-4904-91CE-1DF32E16FEBA}.Release|Any CPU.ActiveCfg = Release|Any CPU
		{2F80630D-89EB-4904-91CE-1DF32E16FEBA}.Release|Any CPU.Build.0 = Release|Any CPU
	EndGlobalSection
	GlobalSection(SolutionProperties) = preSolution
		HideSolutionNode = FALSE
	EndGlobalSection
	GlobalSection(ExtensibilityGlobals) = postSolution
		SolutionGuid = {85D1CEE7-0BB2-48E6-9C09-CDAB184A0DAC}
	EndGlobalSection
EndGlobal
