
Microsoft Visual Studio Solution File, Format Version 12.00
# Visual Studio Version 17
VisualStudioVersion = 17.3.32819.101
MinimumVisualStudioVersion = 10.0.40219.1
Project("{FAE04EC0-301F-11D3-BF4B-00C04F79EFBC}") = "ConsoleApp1", "ConsoleApp1.csproj", "{590362C1-E496-464B-B832-0E27512ABA5D}"
EndProject
Global
	GlobalSection(SolutionConfigurationPlatforms) = preSolution
		Debug|Any CPU = Debug|Any CPU
		Release|Any CPU = Release|Any CPU
	EndGlobalSection
	GlobalSection(ProjectConfigurationPlatforms) = postSolution
		{590362C1-E496-464B-B832-0E27512ABA5D}.Debug|Any CPU.ActiveCfg = Debug|Any CPU
		{590362C1-E496-464B-B832-0E27512ABA5D}.Debug|Any CPU.Build.0 = Debug|Any CPU
		{590362C1-E496-464B-B832-0E27512ABA5D}.Release|Any CPU.ActiveCfg = Release|Any CPU
		{590362C1-E496-464B-B832-0E27512ABA5D}.Release|Any CPU.Build.0 = Release|Any CPU
	EndGlobalSection
	GlobalSection(SolutionProperties) = preSolution
		HideSolutionNode = FALSE
	EndGlobalSection
	GlobalSection(ExtensibilityGlobals) = postSolution
		SolutionGuid = {045FD1D1-2F6A-4302-9E50-075DDDCCC3EE}
	EndGlobalSection
EndGlobal
